# This file was autogenerated by uv via the following command:
#    uv pip compile seeed-local-voice/deploy/docker/requirements.kokoro-ja.in --constraint seeed-local-voice/deploy/docker/requirements.kokoro-convonly.lock --python-version 3.11 --python-platform aarch64-manylinux_2_28 --generate-hashes -o seeed-local-voice/deploy/docker/requirements.kokoro-ja.lock
fugashi==1.5.2 \
    --hash=sha256:0535dcc5a844fb196c215020a5791e5ac0b6c26ee4879cb0e63545c5e6f33642 \
    --hash=sha256:072f0ba00ea38705ff43916c8438ce9560bf7ae5e67d415b80f4996f0b82b04e \
    --hash=sha256:0805863a5268e112bc3c01e9d77e58a7c5ea079d893a18e0d381f3874f690949 \
    --hash=sha256:0e79d3f09d847d07eddf8e62ad9840b11331102bc31ecd66455c62581af11638 \
    --hash=sha256:2ee7b102fef6ec554bdeba51a969ce894a519cc71bade5d05a27935de4426745 \
    --hash=sha256:32e01a394011270078efb6c71ef188c327255544d953692cd82f7f726d59ecc4 \
    --hash=sha256:380e5ebe058e4243e5662b252b008782f20818c5d2d30d0e482a8911e2e68674 \
    --hash=sha256:3d2bb28cc6c6eec1c50729bb2dda44007a45599f0471b14c8fda57b0dde36d50 \
    --hash=sha256:41e3f388913a87826045722ab59611b27a4654a51e2037c69d6189e04f33f6f5 \
    --hash=sha256:4b586b8dcdbff7bb95d36ff8c9ac7b041ed95ce4d8e734c383b3c4817e94f992 \
    --hash=sha256:4ed199a931c1d9f7d55c606d90a06323d1a60164ec222ea70af74c0c9d236faa \
    --hash=sha256:516d61660c7b2262047e531b0a99275ce63fd2256f30282fc5066160435478a6 \
    --hash=sha256:52c79cddbdcf4bbd0490212d2b2d78b6011d4cf733ff4ef9455274da9a8d54f0 \
    --hash=sha256:5b65bdf535d6a58cbea2938dd2de7daf001c38f8821f28006b695d3ac892f521 \
    --hash=sha256:5c5e04cb808f5cd46fc682469702f1e34f6199a264514e5c21b1e17ea4f8313f \
    --hash=sha256:5cd0a399aad72d00a3b6b2d8c45e43a8c1e3aefd86ba153c826426b8e133e533 \
    --hash=sha256:5eda8187624053a610ec09f7b6391d0411e9148c34b5fddad522b342edbcb201 \
    --hash=sha256:6464f747c38a1043c9a2da81975db8f2c9724ef59389754d8dae7328ed60a698 \
    --hash=sha256:71c0027aa11747adcb3753d31663290c53fea8007371f0b080c53c192918ceb9 \
    --hash=sha256:75a8f6219e26e54c95a969af6c5c67f6ea65e333aecc4e85ccc360488e4ba056 \
    --hash=sha256:79cf4b79809e7e9016dc179e35789bb6a0b9df44e03993835c23d5cb31994de2 \
    --hash=sha256:7e0c20abc9df511c54c90ceab118208d051a196ef5f68c63ab1c710fc1a35c6a \
    --hash=sha256:809db19725a623b5f3f47c7c11909143bb14781569caa3211e6c813608a9a213 \
    --hash=sha256:83bc7bf08f81a3c3992bf10b8c681720898a826c6c3dffa80e1296e005f4bfb8 \
    --hash=sha256:894b69898b83c6d96f73134466df68682cba10d867c1ca55a93585a7d2213133 \
    --hash=sha256:8c1f64345a7a13b229fb755b567cbc993adb43b5b617ad4089521e5dd4d27b91 \
    --hash=sha256:936d710166c5b05064ec2ce0eb347fff7a0cf102c33989012fad205346943402 \
    --hash=sha256:952533caa1704720989ee7f4262902219f938eac87a003d72b8a98b2a24b0299 \
    --hash=sha256:954b426e7886c1c4113bcf56c1faebf11bcead7768aa764c1b0d0104073c2653 \
    --hash=sha256:a3c69086650a66bfffb5dd4952d42a9274cea9b110df7b4837c74da1fe4f98f3 \
    --hash=sha256:a52b9a023522969f3d9e32172c1a49b0d10bfc187433f33d3ceb1e730cc65417 \
    --hash=sha256:a7959eab95bb37a6a934fc2314d3ff888664d11b88d0e1c596260a5785d5880e \
    --hash=sha256:bb6e06928bd428a8a139660866f01dadd55546b6395a34dffe5602d8c1329205 \
    --hash=sha256:cc5e5ece1f6ba1ce00f2a0a9465d2b91fe01e904888aa0c7089a20e471646c47 \
    --hash=sha256:deca2ff8310d482b802721814b61eeecc8596af396e346b70389ae3f912790c7 \
    --hash=sha256:e16ada7b953bf5a18fc9c81b2537c58f1c9929b993c6629bf972f96762b221a2 \
    --hash=sha256:e516bde355c2ba53b5b2ce37760cf67f6f186c79efa049f9ab3767bc843f341b \
    --hash=sha256:f855953ac6c98cf239d407d341e3298a54119c8de88217037f012096e41ebe7b \
    --hash=sha256:ff899e1767024ba8bc53d8a2cf90bca19a6a54b14ddf05a75d04169f7acb262c \
    --hash=sha256:ffe760c93e21896cc74066bc5e7dbee6e41a26199807c850b486e2e29b8a3131
    # via -r seeed-local-voice/deploy/docker/requirements.kokoro-ja.in
jaconv==0.4.0 \
    --hash=sha256:32da74b247f276e09a52d6b35c153df2387965cb85a6f034cc8af21d446f8161
    # via -r seeed-local-voice/deploy/docker/requirements.kokoro-ja.in
mojimoji==0.0.13 \
    --hash=sha256:01130d705445c4b41dcb6177b82ef6ae54ae13dc8d7ad9bf1a673acf0db8059c \
    --hash=sha256:0e6d2fba22cc8bf132a5bdf3a964296d9287a618d09681a12868f0fd518e4230 \
    --hash=sha256:1087035b4b0d5f2be0db74ccdb285e0bcf977a8c24e47ee93cd084570d073648 \
    --hash=sha256:18422803dc00703ebf4969a6d6957bd9099913295f0578c9e29ee25d4988ed7f \
    --hash=sha256:2402eaf2a5f963735c44e59559fa00ee8eb8dec46c0e3f29bfdb1ee49d7a75df \
    --hash=sha256:308a6b43c3c9c5a6d912e1984d02aa58ccabb83c9e57c5edb71389c90187d6d3 \
    --hash=sha256:3c5fd38d1f4079dc54ac79f93b0e5442c660b297a3868308251ffc37beb1216b \
    --hash=sha256:507c73837b19c17918de5d2afccdaaed95cf00d1e9e38eac93ab39c8fc0930f8 \
    --hash=sha256:522eff5b0fd3ea2cdbeae27581a684174ed843dd7b9076791bf344a746a1ed8f \
    --hash=sha256:535f278df0a26280e904cd3688ae610414b176cc373431ac31e378305ee96452 \
    --hash=sha256:60a7358d7d413d4ea9c92e3b523ab4e701e30cefc505b2f1409761fc9e7ba730 \
    --hash=sha256:6b627a62c18655adb36b9b2a420b7f43a0d2f39ebe2aa01418968d6dc71bb104 \
    --hash=sha256:6e442d6dcfb2fc1a08eea86da80ebe71ad63fbc4217fa4faede7023c0b51d055 \
    --hash=sha256:761c1bcca7146b24c82b72645fbb80dbe6d373792e84f7d71bafa538c0b170af \
    --hash=sha256:7fc8a9caeea0147eee642a50c004fc64f0c1410736423f74802cf9950ae14b43 \
    --hash=sha256:853d87ce8fbef597bc3a1f23a9f95f6a4267f697e28fc85c665598c190b4b71c \
    --hash=sha256:8feb1b8bf21eae1c35fca72a8c2c05c9a12271d882a02b01608d746d3dbab684 \
    --hash=sha256:918f415c42cabde6128faba93be92482a4fb1f40d0d800727e04716aef40c94e \
    --hash=sha256:98ea6f420f1298eb6a36b759551b22d133fe882da407f3eccf8c2cc5d302d05f \
    --hash=sha256:99472af3849bd795970ecc9102f1007350cb8aef0ff21ba0511c121fe94c3ffe \
    --hash=sha256:9d8f1618fb9b100bba172f2629df20e6db591ce5912996ac630d215627dd7553 \
    --hash=sha256:9f2284489d1b8330bb785eb844c1a6a6a2346c95bc3f52088084c71b4a1fb234 \
    --hash=sha256:a27b8cec5e05db2a7acc475a7ab70b840cf2087bcb2d4a276b89a3f9d20b0887 \
    --hash=sha256:a5dfcef1fc16360aab65b8b60518a9d19cc7916ffc296ee0907819490686429e \
    --hash=sha256:ab1aee2ef6a170b26e431733767361dfc12983847f2be23f6dc2311de7b98df0 \
    --hash=sha256:ad4a2e1fb2b643ac3166f30be97a95ad1877e4670c6dc656c4ef580681b84c49 \
    --hash=sha256:b44d0a99b69bca583e497cf217d2573f9a01ca49d9dc23116bffb196efdb192f \
    --hash=sha256:c97d7c1861635cd538f44bf70dd27ed24435b0f8fe634ca52c49cb4c4424d6fa \
    --hash=sha256:c97ee81e4f7083df13b8ef690366e67afd8170c8f7c259161bae6ed12d41fe5b \
    --hash=sha256:cc0f872b573218bfac9532ccb2f52f6279e8aa337654bbb28e90f0051d3ceb0b \
    --hash=sha256:d001f2042073b194bad071925b7ee36d9f320b79c93b4463df87267fee986e86 \
    --hash=sha256:d27f88051d4fde5b2fdb1a07e3064c950541da6d25e3f1829eedededc015b0c2 \
    --hash=sha256:d4e35fed7eb8ac573eef365d4a614c952179ad4e0e27a8e32d22e6c57a945b8c \
    --hash=sha256:da069e1c48f54de4c4c372c74cf8c7f27487449d1547337aaedc21b26538b5e7 \
    --hash=sha256:ea2f75e93425f0bcfaef68c189845ec9a212d37a4997ffa35353ef7e5c57ca9a \
    --hash=sha256:f617ebe1fdceadc2b87497c4d56f3c863155179488feb63f83a62cf95df37b69
    # via -r seeed-local-voice/deploy/docker/requirements.kokoro-ja.in
numpy==1.26.4 \
    --hash=sha256:03a8c78d01d9781b28a6989f6fa1bb2c4f2d51201cf99d3dd875df6fbd96b23b \
    --hash=sha256:08beddf13648eb95f8d867350f6a018a4be2e5ad54c8d8caed89ebca558b2818 \
    --hash=sha256:1af303d6b2210eb850fcf03064d364652b7120803a0b872f5211f5234b399f20 \
    --hash=sha256:1dda2e7b4ec9dd512f84935c5f126c8bd8b9f2fc001e9f54af255e8c5f16b0e0 \
    --hash=sha256:2a02aba9ed12e4ac4eb3ea9421c420301a0c6460d9830d74a9df87efa4912010 \
    --hash=sha256:2e4ee3380d6de9c9ec04745830fd9e2eccb3e6cf790d39d7b98ffd19b0dd754a \
    --hash=sha256:3373d5d70a5fe74a2c1bb6d2cfd9609ecf686d47a2d7b1d37a8f3b6bf6003aea \
    --hash=sha256:47711010ad8555514b434df65f7d7b076bb8261df1ca9bb78f53d3b2db02e95c \
    --hash=sha256:4c66707fabe114439db9068ee468c26bbdf909cac0fb58686a42a24de1760c71 \
    --hash=sha256:50193e430acfc1346175fcbdaa28ffec49947a06918b7b92130744e81e640110 \
    --hash=sha256:52b8b60467cd7dd1e9ed082188b4e6bb35aa5cdd01777621a1658910745b90be \
    --hash=sha256:60dedbb91afcbfdc9bc0b1f3f402804070deed7392c23eb7a7f07fa857868e8a \
    --hash=sha256:62b8e4b1e28009ef2846b4c7852046736bab361f7aeadeb6a5b89ebec3c7055a \
    --hash=sha256:666dbfb6ec68962c033a450943ded891bed2d54e6755e35e5835d63f4f6931d5 \
    --hash=sha256:675d61ffbfa78604709862923189bad94014bef562cc35cf61d3a07bba02a7ed \
    --hash=sha256:679b0076f67ecc0138fd2ede3a8fd196dddc2ad3254069bcb9faf9a79b1cebcd \
    --hash=sha256:7349ab0fa0c429c82442a27a9673fc802ffdb7c7775fad780226cb234965e53c \
    --hash=sha256:7ab55401287bfec946ced39700c053796e7cc0e3acbef09993a9ad2adba6ca6e \
    --hash=sha256:7e50d0a0cc3189f9cb0aeb3a6a6af18c16f59f004b866cd2be1c14b36134a4a0 \
    --hash=sha256:95a7476c59002f2f6c590b9b7b998306fba6a5aa646b1e22ddfeaf8f78c3a29c \
    --hash=sha256:96ff0b2ad353d8f990b63294c8986f1ec3cb19d749234014f4e7eb0112ceba5a \
    --hash=sha256:9fad7dcb1aac3c7f0584a5a8133e3a43eeb2fe127f47e3632d43d677c66c102b \
    --hash=sha256:9ff0f4f29c51e2803569d7a51c2304de5554655a60c5d776e35b4a41413830d0 \
    --hash=sha256:a354325ee03388678242a4d7ebcd08b5c727033fcff3b2f536aea978e15ee9e6 \
    --hash=sha256:a4abb4f9001ad2858e7ac189089c42178fcce737e4169dc61321660f1a96c7d2 \
    --hash=sha256:ab47dbe5cc8210f55aa58e4805fe224dac469cde56b9f731a4c098b91917159a \
    --hash=sha256:afedb719a9dcfc7eaf2287b839d8198e06dcd4cb5d276a3df279231138e83d30 \
    --hash=sha256:b3ce300f3644fb06443ee2222c2201dd3a89ea6040541412b8fa189341847218 \
    --hash=sha256:b97fe8060236edf3662adfc2c633f56a08ae30560c56310562cb4f95500022d5 \
    --hash=sha256:bfe25acf8b437eb2a8b2d49d443800a5f18508cd811fea3181723922a8a82b07 \
    --hash=sha256:cd25bcecc4974d09257ffcd1f098ee778f7834c3ad767fe5db785be9a4aa9cb2 \
    --hash=sha256:d209d8969599b27ad20994c8e41936ee0964e6da07478d6c35016bc386b66ad4 \
    --hash=sha256:d5241e0a80d808d70546c697135da2c613f30e28251ff8307eb72ba696945764 \
    --hash=sha256:edd8b5fe47dab091176d21bb6de568acdd906d1887a4584a15a9a96a1dca06ef \
    --hash=sha256:f870204a840a60da0b12273ef34f7051e98c3b5961b61b0c2c1be6dfd64fbcd3 \
    --hash=sha256:ffa75af20b44f8dba823498024771d5ac50620e6915abac414251bd971b4529f
    # via
    #   -c seeed-local-voice/deploy/docker/requirements.kokoro-convonly.lock
    #   pyopenjtalk
pyopenjtalk==0.4.1 \
    --hash=sha256:d5ada46f7fc2b52c1c79c273eb9668ff6ad7ab276a8db9d8be119ef93440f0dc
    # via -r seeed-local-voice/deploy/docker/requirements.kokoro-ja.in
tqdm==4.70.0 \
    --hash=sha256:55b0b0dbd97462d06ebee91e4dac24ed4d4702be82b24f07e6c1d27e08cea220 \
    --hash=sha256:7f585706bfddbdebf89daac705b2dfcc16890130727d3197ca62c732b4310953
    # via
    #   -c seeed-local-voice/deploy/docker/requirements.kokoro-convonly.lock
    #   pyopenjtalk
unidic-lite==1.0.8 \
    --hash=sha256:db9d4572d9fdd4d00a97949d4b0741ec480ee05a7e7e2e32f547500dae27b245
    # via -r seeed-local-voice/deploy/docker/requirements.kokoro-ja.in
